
Microsoft Visual Studio Solution File, Format Version 12.00
# Visual Studio 14
VisualStudioVersion = 14.0.25123.0
MinimumVisualStudioVersion = 10.0.40219.1
Project("{FAE04EC0-301F-11D3-BF4B-00C04F79EFBC}") = "testGit", "testGit\testGit.csproj", "{3DDED2E7-8FDE-4F1E-950C-469D7F2DE595}"
EndProject
Global
	GlobalSection(SolutionConfigurationPlatforms) = preSolution
		Debug|Any CPU = Debug|Any CPU
		Release|Any CPU = Release|Any CPU
	EndGlobalSection
	GlobalSection(ProjectConfigurationPlatforms) = postSolution
		{3DDED2E7-8FDE-4F1E-950C-469D7F2DE595}.Debug|Any CPU.ActiveCfg = Debug|Any CPU
		{3DDED2E7-8FDE-4F1E-950C-469D7F2DE595}.Debug|Any CPU.Build.0 = Debug|Any CPU
		{3DDED2E7-8FDE-4F1E-950C-469D7F2DE595}.Release|Any CPU.ActiveCfg = Release|Any CPU
		{3DDED2E7-8FDE-4F1E-950C-469D7F2DE595}.Release|Any CPU.Build.0 = Release|Any CPU
	EndGlobalSection
	GlobalSection(SolutionProperties) = preSolution
		HideSolutionNode = FALSE
	EndGlobalSection
EndGlobal
